{
    "hash": "e3edf13d2bcd0655729785979e6a7a4c",
    "packages": [
        {
            "name": "atk4/atk4",
            "version": "dev-master",
            "source": {
                "type": "git",
                "url": "git@github.com:atk4/atk4.git",
                "reference": "origin/master"
            },
            "dist": {
                "type": "zip",
                "url": "http://agiletoolkit.org/distfiles/agiletoolkit-4.2.3.zip",
                "reference": null,
                "shasum": null
            },
            "time": "2013-01-26 11:48:46",
            "type": "library",
            "autoload": {
                "psr-0": {
                    "": "lib/"
                },
                "files": [
                    "/lib/static.php"
                ]
            },
            "notification-url": "https://packagist.org/downloads/",
            "homepage": "https://agiletoolkit.org/",
            "keywords": [
                "framework",
                "atk4"
            ]
        },
        {
            "name": "firephp/firephp-core",
            "version": "dev-master",
            "source": {
                "type": "git",
                "url": "https://github.com/firephp/firephp-core",
                "reference": "f60753a8dd7817e4da6bc73e0e717387a9a0866a"
            },
            "dist": {
                "type": "zip",
                "url": "https://github.com/firephp/firephp-core/archive/f60753a8dd7817e4da6bc73e0e717387a9a0866a.zip",
                "reference": "f60753a8dd7817e4da6bc73e0e717387a9a0866a",
                "shasum": ""
            },
            "time": "2013-01-19 22:55:24",
            "type": "library",
            "autoload": {
                "classmap": [
                    "lib/FirePHPCore/FirePHP.class.php",
                    "lib/FirePHPCore/fb.php"
                ]
            },
            "notification-url": "https://packagist.org/downloads/",
            "license": [
                "MIT"
            ],
            "authors": [
                {
                    "name": "Christoph Dorn",
                    "email": "christoph@christophdorn.com",
                    "homepage": "http://christophdorn.com"
                }
            ],
            "description": "Traditional FirePHPCore library for sending PHP variables to the browser.",
            "homepage": "https://github.com/firephp/firephp-core"
        }
    ],
    "packages-dev": null,
    "aliases": [

    ],
    "minimum-stability": "stable",
    "stability-flags": {
        "atk4/atk4": 20,
        "firephp/firephp-core": 20
    }
}
